{
  "name": "testts-demo",
  "version": "0.1.0",
  "lockfileVersion": 1,
  "requires": true,
  "dependencies": {
    "@jpcx/testts": {
      "version": "0.1.2",
      "resolved": "https://npm.pkg.github.com/download/@jpcx/testts/0.1.2/5568fdf2a53ac97ec77e28916d86544076366f3b485bdf49c1b43bf0dfc9ff46",
      "integrity": "sha512-Ptw0Hm4AMUqK007zeLwzaK8caMaMK27tpnw8JrPWI8LpP91Qb08I0APGotLhkZ1NdrAK7uLvOqCad8bo99BCiQ=="
    }
  }
}
