{
  "name": "testts-demo",
  "version": "0.1.2",
  "lockfileVersion": 1,
  "requires": true,
  "dependencies": {
    "@jpcx/testts": {
      "version": "0.3.4",
      "resolved": "https://registry.npmjs.org/@jpcx/testts/-/testts-0.3.4.tgz",
      "integrity": "sha512-gnNJ/F6bLtQj9jwed4RnTNCDSxYF9vQElSCMF38DyOUlgA1fmL7xAGlQKMUcgFHxy3LT6uALpZnWE/OaIpyfhA=="
    }
  }
}
